
Microsoft Visual Studio Solution File, Format Version 12.00
# Visual Studio 15
VisualStudioVersion = 15.0.28307.572
MinimumVisualStudioVersion = 10.0.40219.1
Project("{FAE04EC0-301F-11D3-BF4B-00C04F79EFBC}") = "trojkaty_api", "trojkaty_api\trojkaty_api.csproj", "{BAC2D976-8536-404C-A024-9933B914A622}"
EndProject
Project("{FAE04EC0-301F-11D3-BF4B-00C04F79EFBC}") = "trojkaty_api.DataAccess", "trojkaty_api.DataAccess\trojkaty_api.DataAccess.csproj", "{F113D961-B57A-489E-8773-41D77BBCC13E}"
EndProject
Project("{FAE04EC0-301F-11D3-BF4B-00C04F79EFBC}") = "trojakty_api.Core", "trojakty_api.Core\trojakty_api.Core.csproj", "{66A321BE-F602-4E4F-B0DC-1895B8F77705}"
EndProject
Global
	GlobalSection(SolutionConfigurationPlatforms) = preSolution
		Debug|Any CPU = Debug|Any CPU
		Release|Any CPU = Release|Any CPU
	EndGlobalSection
	GlobalSection(ProjectConfigurationPlatforms) = postSolution
		{BAC2D976-8536-404C-A024-9933B914A622}.Debug|Any CPU.ActiveCfg = Debug|Any CPU
		{BAC2D976-8536-404C-A024-9933B914A622}.Debug|Any CPU.Build.0 = Debug|Any CPU
		{BAC2D976-8536-404C-A024-9933B914A622}.Release|Any CPU.ActiveCfg = Release|Any CPU
		{BAC2D976-8536-404C-A024-9933B914A622}.Release|Any CPU.Build.0 = Release|Any CPU
		{F113D961-B57A-489E-8773-41D77BBCC13E}.Debug|Any CPU.ActiveCfg = Debug|Any CPU
		{F113D961-B57A-489E-8773-41D77BBCC13E}.Debug|Any CPU.Build.0 = Debug|Any CPU
		{F113D961-B57A-489E-8773-41D77BBCC13E}.Release|Any CPU.ActiveCfg = Release|Any CPU
		{F113D961-B57A-489E-8773-41D77BBCC13E}.Release|Any CPU.Build.0 = Release|Any CPU
		{66A321BE-F602-4E4F-B0DC-1895B8F77705}.Debug|Any CPU.ActiveCfg = Debug|Any CPU
		{66A321BE-F602-4E4F-B0DC-1895B8F77705}.Debug|Any CPU.Build.0 = Debug|Any CPU
		{66A321BE-F602-4E4F-B0DC-1895B8F77705}.Release|Any CPU.ActiveCfg = Release|Any CPU
		{66A321BE-F602-4E4F-B0DC-1895B8F77705}.Release|Any CPU.Build.0 = Release|Any CPU
	EndGlobalSection
	GlobalSection(SolutionProperties) = preSolution
		HideSolutionNode = FALSE
	EndGlobalSection
	GlobalSection(ExtensibilityGlobals) = postSolution
		SolutionGuid = {151DA247-77C4-4A50-8BDF-E5AFA15C13D3}
	EndGlobalSection
EndGlobal
